<?xml version="1.0" encoding="utf-8"?>
<Project ToolsVersion="4.0" xmlns="http://schemas.microsoft.com/developer/msbuild/2003">
  <ItemGroup>
    <ClCompile Include="src\NoWork\AnimatedSprite.cpp" />
    <ClCompile Include="src\NoWork\AsyncGLWorker.cpp" />
    <ClCompile Include="src\NoWork\AudioSource.cpp" />
    <ClCompile Include="src\NoWork\AudioSystem.cpp" />
    <ClCompile Include="src\NoWork\Camera.cpp" />
    <ClCompile Include="src\NoWork\EventHandler.cpp" />
    <ClCompile Include="src\NoWork\Font.cpp" />
    <ClCompile Include="src\NoWork\Framebuffer.cpp" />
    <ClCompile Include="src\NoWork\Framework.cpp" />
    <ClCompile Include="src\NoWork\Input.cpp" />
    <ClCompile Include="src\NoWork\Log.cpp" />
    <ClCompile Include="src\NoWork\Mesh.cpp" />
    <ClCompile Include="src\NoWork\Model.cpp" />
    <ClCompile Include="src\NoWork\Quaternion.cpp" />
    <ClCompile Include="src\NoWork\Renderer.cpp" />
    <ClCompile Include="src\NoWork\RenderTexture.cpp" />
    <ClCompile Include="src\NoWork\Shader.cpp" />
    <ClCompile Include="src\NoWork\Sprite.cpp" />
    <ClCompile Include="src\NoWork\SpriteAnimation.cpp" />
    <ClCompile Include="src\NoWork\SpriteSheet.cpp" />
    <ClCompile Include="src\NoWork\Texture.cpp" />
    <ClCompile Include="src\NoWork\Texture2D.cpp" />
    <ClCompile Include="src\NoWork\FileSystem.cpp" />
    <ClCompile Include="src\NoWork\Material.cpp" />
    <ClCompile Include="src\NoWork\gl3w.c" />
    <ClCompile Include="src\NoWork\Transform.cpp" />
    <ClCompile Include="src\NoWork\TextureCube.cpp" />
    <ClCompile Include="src\NoWork\ComputeShader.cpp" />
    <ClCompile Include="src\NoWork\utils.cpp" />
    <ClCompile Include="src\NoWork\RenderBuffer.cpp" />
    <ClCompile Include="src\NoWork\BufferObject.cpp" />
    <ClCompile Include="src\imgui\imgui.cpp">
      <Filter>imgui</Filter>
    </ClCompile>
    <ClCompile Include="src\imgui\imgui_draw.cpp">
      <Filter>imgui</Filter>
    </ClCompile>
    <ClCompile Include="src\imgui\imgui_impl_glfw.cpp">
      <Filter>imgui</Filter>
    </ClCompile>
    <ClCompile Include="src\imgui\imgui_impl_opengl3.cpp">
      <Filter>imgui</Filter>
    </ClCompile>
    <ClCompile Include="src\imgui\imgui_tables.cpp">
      <Filter>imgui</Filter>
    </ClCompile>
    <ClCompile Include="src\imgui\imgui_widgets.cpp">
      <Filter>imgui</Filter>
    </ClCompile>
  </ItemGroup>
  <ItemGroup>
    <ClInclude Include="include\NoWork\AnimatedSprite.h" />
    <ClInclude Include="include\NoWork\Area.h" />
    <ClInclude Include="include\NoWork\AsyncGLWorker.h" />
    <ClInclude Include="include\NoWork\AudioSource.h" />
    <ClInclude Include="include\NoWork\AudioSystem.h" />
    <ClInclude Include="include\NoWork\Camera.h" />
    <ClInclude Include="include\NoWork\Common.h" />
    <ClInclude Include="include\NoWork\EventHandler.h" />
    <ClInclude Include="include\NoWork\Font.h" />
    <ClInclude Include="include\NoWork\Framebuffer.h" />
    <ClInclude Include="include\NoWork\Framework.h" />
    <ClInclude Include="include\NoWork\Game.h" />
    <ClInclude Include="include\NoWork\Input.h" />
    <ClInclude Include="include\NoWork\Log.h" />
    <ClInclude Include="include\NoWork\Mesh.h" />
    <ClInclude Include="include\NoWork\Model.h" />
    <ClInclude Include="include\NoWork\NoWork.h" />
    <ClInclude Include="include\NoWork\Quaternion.h" />
    <ClInclude Include="include\NoWork\Renderer.h" />
    <ClInclude Include="include\NoWork\RenderTexture.h" />
    <ClInclude Include="include\NoWork\SceneObject.h" />
    <ClInclude Include="include\NoWork\Shader.h" />
    <ClInclude Include="include\NoWork\Sprite.h" />
    <ClInclude Include="include\NoWork\SpriteAnimation.h" />
    <ClInclude Include="include\NoWork\SpriteSheet.h" />
    <ClInclude Include="include\NoWork\Texture.h" />
    <ClInclude Include="include\NoWork\Texture2D.h" />
    <ClInclude Include="include\NoWork\Transform.h" />
    <ClInclude Include="include\NoWork\FileSystem.h" />
    <ClInclude Include="include\NoWork\Material.h" />
    <ClInclude Include="include\NoWork\TextureCube.h" />
    <ClInclude Include="include\NoWork\ComputeShader.h" />
    <ClInclude Include="include\NoWork\utils.h" />
    <ClInclude Include="include\NoWork\RenderTarget.h" />
    <ClInclude Include="include\NoWork\RenderBuffer.h" />
    <ClInclude Include="include\NoWork\BufferObject.h" />
    <ClInclude Include="include\NoWork\imgui.h">
      <Filter>imgui</Filter>
    </ClInclude>
  </ItemGroup>
  <ItemGroup>
    <Filter Include="Shaders">
      <UniqueIdentifier>{cd0f5423-bb69-4922-b3c8-74f1ef1ca668}</UniqueIdentifier>
    </Filter>
    <Filter Include="imgui">
      <UniqueIdentifier>{503953e4-3d0d-4336-a5f0-7cced8b61848}</UniqueIdentifier>
    </Filter>
  </ItemGroup>
  <ItemGroup>
    <None Include="src\NoWork\Shaders\defaultUnlit.vs">
      <Filter>Shaders</Filter>
    </None>
    <None Include="src\NoWork\Shaders\defaultUnlit.fs">
      <Filter>Shaders</Filter>
    </None>
    <None Include="src\NoWork\Shaders\defaultUnlitTextured.fs">
      <Filter>Shaders</Filter>
    </None>
    <None Include="src\NoWork\Shaders\defaultBlinPhong.fs">
      <Filter>Shaders</Filter>
    </None>
    <None Include="src\NoWork\Shaders\screenAligned.vs">
      <Filter>Shaders</Filter>
    </None>
    <None Include="src\NoWork\Shaders\blit.vs">
      <Filter>Shaders</Filter>
    </None>
    <None Include="src\NoWork\Shaders\blit.fs">
      <Filter>Shaders</Filter>
    </None>
  </ItemGroup>
</Project>