<?xml version="1.0" encoding="utf-8"?>
<Project ToolsVersion="4.0" xmlns="http://schemas.microsoft.com/developer/msbuild/2003">
  <ItemGroup>
    <ClCompile Include="src\soil\image_DXT.c">
      <Filter>soil</Filter>
    </ClCompile>
    <ClCompile Include="src\soil\image_helper.c">
      <Filter>soil</Filter>
    </ClCompile>
    <ClCompile Include="src\soil\SOIL.c">
      <Filter>soil</Filter>
    </ClCompile>
    <ClCompile Include="src\soil\stb_image_aug.c">
      <Filter>soil</Filter>
    </ClCompile>
    <ClCompile Include="src\NoWork\AnimatedSprite.cpp" />
    <ClCompile Include="src\NoWork\Camera.cpp" />
    <ClCompile Include="src\NoWork\EventHandler.cpp" />
    <ClCompile Include="src\NoWork\Framework.cpp" />
    <ClCompile Include="src\NoWork\gl3w.c" />
    <ClCompile Include="src\NoWork\Input.cpp" />
    <ClCompile Include="src\NoWork\Log.cpp" />
    <ClCompile Include="src\NoWork\Mesh.cpp" />
    <ClCompile Include="src\NoWork\Quaternion.cpp" />
    <ClCompile Include="src\NoWork\Renderer.cpp" />
    <ClCompile Include="src\NoWork\Shader.cpp" />
    <ClCompile Include="src\NoWork\Sprite.cpp" />
    <ClCompile Include="src\NoWork\SpriteAnimation.cpp" />
    <ClCompile Include="src\NoWork\SpriteSheet.cpp" />
    <ClCompile Include="src\NoWork\Texture.cpp" />
    <ClCompile Include="src\NoWork\Texture2D.cpp" />
    <ClCompile Include="src\NoWork\AudioSource.cpp" />
    <ClCompile Include="src\NoWork\AudioSystem.cpp" />
    <ClCompile Include="src\NoWork\Model.cpp" />
  </ItemGroup>
  <ItemGroup>
    <ClInclude Include="include\NoWork\AnimatedSprite.h" />
    <ClInclude Include="include\NoWork\Area.h" />
    <ClInclude Include="include\NoWork\Camera.h" />
    <ClInclude Include="include\NoWork\Common.h" />
    <ClInclude Include="include\NoWork\EventHandler.h" />
    <ClInclude Include="include\NoWork\Framework.h" />
    <ClInclude Include="include\NoWork\Game.h" />
    <ClInclude Include="include\NoWork\Input.h" />
    <ClInclude Include="include\NoWork\Log.h" />
    <ClInclude Include="include\NoWork\Mesh.h" />
    <ClInclude Include="include\NoWork\NoWork.h" />
    <ClInclude Include="include\NoWork\Quaternion.h" />
    <ClInclude Include="include\NoWork\Renderer.h" />
    <ClInclude Include="include\NoWork\SceneObject.h" />
    <ClInclude Include="include\NoWork\Shader.h" />
    <ClInclude Include="include\NoWork\Sprite.h" />
    <ClInclude Include="include\NoWork\SpriteAnimation.h" />
    <ClInclude Include="include\NoWork\SpriteSheet.h" />
    <ClInclude Include="include\NoWork\Texture.h" />
    <ClInclude Include="include\NoWork\Texture2D.h" />
    <ClInclude Include="include\NoWork\Transform.h" />
    <ClInclude Include="include\soil\image_DXT.h">
      <Filter>soil</Filter>
    </ClInclude>
    <ClInclude Include="include\soil\image_helper.h">
      <Filter>soil</Filter>
    </ClInclude>
    <ClInclude Include="include\soil\SOIL.h">
      <Filter>soil</Filter>
    </ClInclude>
    <ClInclude Include="include\soil\stb_image_aug.h">
      <Filter>soil</Filter>
    </ClInclude>
    <ClInclude Include="include\soil\stbi_DDS_aug.h">
      <Filter>soil</Filter>
    </ClInclude>
    <ClInclude Include="include\soil\stbi_DDS_aug_c.h">
      <Filter>soil</Filter>
    </ClInclude>
    <ClInclude Include="include\NoWork\AudioSource.h" />
    <ClInclude Include="include\NoWork\AudioSystem.h" />
    <ClInclude Include="include\NoWork\Model.h" />
  </ItemGroup>
  <ItemGroup>
    <Filter Include="soil">
      <UniqueIdentifier>{7a500eb5-f7f3-4c09-9e0f-24c2215a429e}</UniqueIdentifier>
    </Filter>
  </ItemGroup>
</Project>