<?xml version="1.0" encoding="utf-8"?>
<Project ToolsVersion="4.0" xmlns="http://schemas.microsoft.com/developer/msbuild/2003">
  <ItemGroup>
    <Filter Include="Quelldateien">
      <UniqueIdentifier>{4FC737F1-C7A5-4376-A066-2A32D752A2FF}</UniqueIdentifier>
      <Extensions>cpp;c;cc;cxx;def;odl;idl;hpj;bat;asm;asmx</Extensions>
    </Filter>
    <Filter Include="Ressourcendateien">
      <UniqueIdentifier>{67DA6AB6-F800-4c08-8B7A-83BB121AAD01}</UniqueIdentifier>
      <Extensions>rc;ico;cur;bmp;dlg;rc2;rct;bin;rgs;gif;jpg;jpeg;jpe;resx;tiff;tif;png;wav;mfcribbon-ms</Extensions>
    </Filter>
    <Filter Include="Quelldateien\glm">
      <UniqueIdentifier>{f764d8c1-5cc1-4587-8b81-800d451e1322}</UniqueIdentifier>
    </Filter>
  </ItemGroup>
  <ItemGroup>
    <ClInclude Include="..\src\NoWork.h">
      <Filter>Quelldateien</Filter>
    </ClInclude>
    <ClInclude Include="..\src\Game.h">
      <Filter>Quelldateien</Filter>
    </ClInclude>
    <ClInclude Include="..\src\Framework.h">
      <Filter>Quelldateien</Filter>
    </ClInclude>
    <ClInclude Include="..\src\Common.h">
      <Filter>Quelldateien</Filter>
    </ClInclude>
    <ClInclude Include="..\src\EventHandler.h">
      <Filter>Quelldateien</Filter>
    </ClInclude>
    <ClInclude Include="..\src\Input.h">
      <Filter>Quelldateien</Filter>
    </ClInclude>
    <ClInclude Include="..\src\Log.h">
      <Filter>Quelldateien</Filter>
    </ClInclude>
    <ClInclude Include="..\src\Renderer.h">
      <Filter>Quelldateien</Filter>
    </ClInclude>
    <ClInclude Include="..\src\glm\glm.hpp">
      <Filter>Quelldateien\glm</Filter>
    </ClInclude>
    <ClInclude Include="..\src\Camera.h">
      <Filter>Quelldateien</Filter>
    </ClInclude>
    <ClInclude Include="..\src\Transform.h">
      <Filter>Quelldateien</Filter>
    </ClInclude>
    <ClInclude Include="..\src\Shader.h">
      <Filter>Quelldateien</Filter>
    </ClInclude>
    <ClInclude Include="..\src\Mesh.h">
    <ClInclude Include="..\src\Quaternion.h">
      <Filter>Quelldateien</Filter>
    </ClInclude>
  </ItemGroup>
  <ItemGroup>
    <ClCompile Include="..\src\Framework.cpp">
      <Filter>Quelldateien</Filter>
    </ClCompile>
    <ClCompile Include="..\src\EventHandler.cpp">
      <Filter>Quelldateien</Filter>
    </ClCompile>
    <ClCompile Include="..\src\Input.cpp">
      <Filter>Quelldateien</Filter>
    </ClCompile>
    <ClCompile Include="..\src\Log.cpp">
      <Filter>Quelldateien</Filter>
    </ClCompile>
    <ClCompile Include="..\dep\gl3w\src\gl3w.c">
      <Filter>Quelldateien</Filter>
    </ClCompile>
    <ClCompile Include="..\src\Renderer.cpp">
      <Filter>Quelldateien</Filter>
    </ClCompile>
    <ClCompile Include="..\src\Camera.cpp">
      <Filter>Quelldateien</Filter>
    </ClCompile>
    <ClCompile Include="..\src\Shader.cpp">
      <Filter>Quelldateien</Filter>
    </ClCompile>
    <ClCompile Include="..\src\Quaternion.cpp">
      <Filter>Quelldateien</Filter>
    </ClCompile>
  </ItemGroup>
</Project>